github.com/alecthomas/kong v1.11.0 h1:y++1gI7jf8O7G7l4LZo5ASFhrhJvzc+WgF/arranEmM=
github.com/alecthomas/kong v1.11.0/go.mod h1:p2vqieVMeTAnaC83txKtXe8FLke2X07aruPWXyMPQrU=
github.com/mark3labs/mcp-go v0.31.0 h1:4UxSV8aM770OPmTvaVe/b1rA2oZAjBMhGBfUgOGut+4=
github.com/mark3labs/mcp-go v0.31.0/go.mod h1:rXqOudj/djTORU/ThxYx8fqEVj/5pvTuuebQ2RC7uk4=
